// !$*UTF8*$!
{
	archiveVersion = 1;
	classes = {
	};
	objectVersion = 46;
	objects = {

/* Begin PBXBuildFile section */
		060646A91FFF5637007967BF /* RecursionProblems.m in Sources */ = {isa = PBXBuildFile; fileRef = 060646A81FFF5637007967BF /* RecursionProblems.m */; };
		060646AC200530E0007967BF /* BitManipulationProblems.m in Sources */ = {isa = PBXBuildFile; fileRef = 060646AB200530E0007967BF /* BitManipulationProblems.m */; };
		06B188701FC10043002DAA0A /* main.m in Sources */ = {isa = PBXBuildFile; fileRef = 06B1886F1FC10043002DAA0A /* main.m */; };
		06B188731FC10043002DAA0A /* AppDelegate.m in Sources */ = {isa = PBXBuildFile; fileRef = 06B188721FC10043002DAA0A /* AppDelegate.m */; };
		06B188761FC10043002DAA0A /* ViewController.m in Sources */ = {isa = PBXBuildFile; fileRef = 06B188751FC10043002DAA0A /* ViewController.m */; };
		06B188791FC10043002DAA0A /* Main.storyboard in Resources */ = {isa = PBXBuildFile; fileRef = 06B188771FC10043002DAA0A /* Main.storyboard */; };
		06B1887B1FC10043002DAA0A /* Assets.xcassets in Resources */ = {isa = PBXBuildFile; fileRef = 06B1887A1FC10043002DAA0A /* Assets.xcassets */; };
		06B1887E1FC10043002DAA0A /* LaunchScreen.storyboard in Resources */ = {isa = PBXBuildFile; fileRef = 06B1887C1FC10043002DAA0A /* LaunchScreen.storyboard */; };
		06B1888C1FC10148002DAA0A /* IBProblems.m in Sources */ = {isa = PBXBuildFile; fileRef = 06B1888B1FC10148002DAA0A /* IBProblems.m */; };
		06B1888F1FC11333002DAA0A /* ListNode.m in Sources */ = {isa = PBXBuildFile; fileRef = 06B1888E1FC11333002DAA0A /* ListNode.m */; };
		06B188921FCD3B5A002DAA0A /* StringsProblems.m in Sources */ = {isa = PBXBuildFile; fileRef = 06B188911FCD3B5A002DAA0A /* StringsProblems.m */; };
		06B188951FCD3D38002DAA0A /* ArraysProblems.m in Sources */ = {isa = PBXBuildFile; fileRef = 06B188941FCD3D38002DAA0A /* ArraysProblems.m */; };
		06B1889B1FD52E72002DAA0A /* HashingProblems.m in Sources */ = {isa = PBXBuildFile; fileRef = 06B1889A1FD52E72002DAA0A /* HashingProblems.m */; };
		06B1889E1FD5AFAE002DAA0A /* LinkedListsProblems.m in Sources */ = {isa = PBXBuildFile; fileRef = 06B1889D1FD5AFAE002DAA0A /* LinkedListsProblems.m */; };
		06CAECF11FDEF53500FC39AC /* BinarySearchProblems.m in Sources */ = {isa = PBXBuildFile; fileRef = 06CAECF01FDEF53500FC39AC /* BinarySearchProblems.m */; };
		06CAECF41FE035BA00FC39AC /* TreesAndHeaps.m in Sources */ = {isa = PBXBuildFile; fileRef = 06CAECF31FE035BA00FC39AC /* TreesAndHeaps.m */; };
/* End PBXBuildFile section */

/* Begin PBXFileReference section */
		060646A71FFF5637007967BF /* RecursionProblems.h */ = {isa = PBXFileReference; fileEncoding = 4; lastKnownFileType = sourcecode.c.h; path = RecursionProblems.h; sourceTree = "<group>"; };
		060646A81FFF5637007967BF /* RecursionProblems.m */ = {isa = PBXFileReference; fileEncoding = 4; lastKnownFileType = sourcecode.c.objc; path = RecursionProblems.m; sourceTree = "<group>"; };
		060646AA200530E0007967BF /* BitManipulationProblems.h */ = {isa = PBXFileReference; fileEncoding = 4; lastKnownFileType = sourcecode.c.h; path = BitManipulationProblems.h; sourceTree = "<group>"; };
		060646AB200530E0007967BF /* BitManipulationProblems.m */ = {isa = PBXFileReference; fileEncoding = 4; lastKnownFileType = sourcecode.c.objc; path = BitManipulationProblems.m; sourceTree = "<group>"; };
		06B1886B1FC10043002DAA0A /* IBProblems.app */ = {isa = PBXFileReference; explicitFileType = wrapper.application; includeInIndex = 0; path = IBProblems.app; sourceTree = BUILT_PRODUCTS_DIR; };
		06B1886F1FC10043002DAA0A /* main.m */ = {isa = PBXFileReference; lastKnownFileType = sourcecode.c.objc; path = main.m; sourceTree = "<group>"; };
		06B188711FC10043002DAA0A /* AppDelegate.h */ = {isa = PBXFileReference; lastKnownFileType = sourcecode.c.h; path = AppDelegate.h; sourceTree = "<group>"; };
		06B188721FC10043002DAA0A /* AppDelegate.m */ = {isa = PBXFileReference; lastKnownFileType = sourcecode.c.objc; path = AppDelegate.m; sourceTree = "<group>"; };
		06B188741FC10043002DAA0A /* ViewController.h */ = {isa = PBXFileReference; lastKnownFileType = sourcecode.c.h; path = ViewController.h; sourceTree = "<group>"; };
		06B188751FC10043002DAA0A /* ViewController.m */ = {isa = PBXFileReference; lastKnownFileType = sourcecode.c.objc; path = ViewController.m; sourceTree = "<group>"; };
		06B188781FC10043002DAA0A /* Base */ = {isa = PBXFileReference; lastKnownFileType = file.storyboard; name = Base; path = Base.lproj/Main.storyboard; sourceTree = "<group>"; };
		06B1887A1FC10043002DAA0A /* Assets.xcassets */ = {isa = PBXFileReference; lastKnownFileType = folder.assetcatalog; path = Assets.xcassets; sourceTree = "<group>"; };
		06B1887D1FC10043002DAA0A /* Base */ = {isa = PBXFileReference; lastKnownFileType = file.storyboard; name = Base; path = Base.lproj/LaunchScreen.storyboard; sourceTree = "<group>"; };
		06B1887F1FC10043002DAA0A /* Info.plist */ = {isa = PBXFileReference; lastKnownFileType = text.plist.xml; path = Info.plist; sourceTree = "<group>"; };
		06B1888A1FC10148002DAA0A /* IBProblems.h */ = {isa = PBXFileReference; fileEncoding = 4; lastKnownFileType = sourcecode.c.h; path = IBProblems.h; sourceTree = "<group>"; };
		06B1888B1FC10148002DAA0A /* IBProblems.m */ = {isa = PBXFileReference; fileEncoding = 4; lastKnownFileType = sourcecode.c.objc; path = IBProblems.m; sourceTree = "<group>"; };
		06B1888D1FC11333002DAA0A /* ListNode.h */ = {isa = PBXFileReference; fileEncoding = 4; lastKnownFileType = sourcecode.c.h; path = ListNode.h; sourceTree = "<group>"; };
		06B1888E1FC11333002DAA0A /* ListNode.m */ = {isa = PBXFileReference; fileEncoding = 4; lastKnownFileType = sourcecode.c.objc; path = ListNode.m; sourceTree = "<group>"; };
		06B188901FCD3B5A002DAA0A /* StringsProblems.h */ = {isa = PBXFileReference; fileEncoding = 4; lastKnownFileType = sourcecode.c.h; path = StringsProblems.h; sourceTree = "<group>"; };
		06B188911FCD3B5A002DAA0A /* StringsProblems.m */ = {isa = PBXFileReference; fileEncoding = 4; lastKnownFileType = sourcecode.c.objc; path = StringsProblems.m; sourceTree = "<group>"; };
		06B188931FCD3D38002DAA0A /* ArraysProblems.h */ = {isa = PBXFileReference; fileEncoding = 4; lastKnownFileType = sourcecode.c.h; path = ArraysProblems.h; sourceTree = "<group>"; };
		06B188941FCD3D38002DAA0A /* ArraysProblems.m */ = {isa = PBXFileReference; fileEncoding = 4; lastKnownFileType = sourcecode.c.objc; path = ArraysProblems.m; sourceTree = "<group>"; };
		06B188991FD52E72002DAA0A /* HashingProblems.h */ = {isa = PBXFileReference; fileEncoding = 4; lastKnownFileType = sourcecode.c.h; path = HashingProblems.h; sourceTree = "<group>"; };
		06B1889A1FD52E72002DAA0A /* HashingProblems.m */ = {isa = PBXFileReference; fileEncoding = 4; lastKnownFileType = sourcecode.c.objc; path = HashingProblems.m; sourceTree = "<group>"; };
		06B1889C1FD5AFAE002DAA0A /* LinkedListsProblems.h */ = {isa = PBXFileReference; fileEncoding = 4; lastKnownFileType = sourcecode.c.h; path = LinkedListsProblems.h; sourceTree = "<group>"; };
		06B1889D1FD5AFAE002DAA0A /* LinkedListsProblems.m */ = {isa = PBXFileReference; fileEncoding = 4; lastKnownFileType = sourcecode.c.objc; path = LinkedListsProblems.m; sourceTree = "<group>"; };
		06CAECEF1FDEF53500FC39AC /* BinarySearchProblems.h */ = {isa = PBXFileReference; fileEncoding = 4; lastKnownFileType = sourcecode.c.h; path = BinarySearchProblems.h; sourceTree = "<group>"; };
		06CAECF01FDEF53500FC39AC /* BinarySearchProblems.m */ = {isa = PBXFileReference; fileEncoding = 4; lastKnownFileType = sourcecode.c.objc; path = BinarySearchProblems.m; sourceTree = "<group>"; };
		06CAECF21FE035BA00FC39AC /* TreesAndHeaps.h */ = {isa = PBXFileReference; fileEncoding = 4; lastKnownFileType = sourcecode.c.h; path = TreesAndHeaps.h; sourceTree = "<group>"; };
		06CAECF31FE035BA00FC39AC /* TreesAndHeaps.m */ = {isa = PBXFileReference; fileEncoding = 4; lastKnownFileType = sourcecode.c.objc; path = TreesAndHeaps.m; sourceTree = "<group>"; };
/* End PBXFileReference section */

/* Begin PBXFrameworksBuildPhase section */
		06B188681FC10043002DAA0A /* Frameworks */ = {
			isa = PBXFrameworksBuildPhase;
			buildActionMask = 2147483647;
			files = (
			);
			runOnlyForDeploymentPostprocessing = 0;
		};
/* End PBXFrameworksBuildPhase section */

/* Begin PBXGroup section */
		06B188621FC10043002DAA0A = {
			isa = PBXGroup;
			children = (
				06B1886D1FC10043002DAA0A /* IBProblems */,
				06B1886C1FC10043002DAA0A /* Products */,
			);
			sourceTree = "<group>";
		};
		06B1886C1FC10043002DAA0A /* Products */ = {
			isa = PBXGroup;
			children = (
				06B1886B1FC10043002DAA0A /* IBProblems.app */,
			);
			name = Products;
			sourceTree = "<group>";
		};
		06B1886D1FC10043002DAA0A /* IBProblems */ = {
			isa = PBXGroup;
			children = (
				06B188711FC10043002DAA0A /* AppDelegate.h */,
				06B188721FC10043002DAA0A /* AppDelegate.m */,
				06B188741FC10043002DAA0A /* ViewController.h */,
				06B188751FC10043002DAA0A /* ViewController.m */,
				06B1888D1FC11333002DAA0A /* ListNode.h */,
				06B1888E1FC11333002DAA0A /* ListNode.m */,
				06B1888A1FC10148002DAA0A /* IBProblems.h */,
				06B1888B1FC10148002DAA0A /* IBProblems.m */,
				06B188931FCD3D38002DAA0A /* ArraysProblems.h */,
				06B188941FCD3D38002DAA0A /* ArraysProblems.m */,
				06B188901FCD3B5A002DAA0A /* StringsProblems.h */,
				06B188911FCD3B5A002DAA0A /* StringsProblems.m */,
				06B188991FD52E72002DAA0A /* HashingProblems.h */,
				06B1889A1FD52E72002DAA0A /* HashingProblems.m */,
				06B1889C1FD5AFAE002DAA0A /* LinkedListsProblems.h */,
				06B1889D1FD5AFAE002DAA0A /* LinkedListsProblems.m */,
				060646A71FFF5637007967BF /* RecursionProblems.h */,
				060646A81FFF5637007967BF /* RecursionProblems.m */,
				06B188771FC10043002DAA0A /* Main.storyboard */,
				06B1887A1FC10043002DAA0A /* Assets.xcassets */,
				06B1887C1FC10043002DAA0A /* LaunchScreen.storyboard */,
				06B1887F1FC10043002DAA0A /* Info.plist */,
				06B1886E1FC10043002DAA0A /* Supporting Files */,
				06CAECEF1FDEF53500FC39AC /* BinarySearchProblems.h */,
				06CAECF01FDEF53500FC39AC /* BinarySearchProblems.m */,
				06CAECF21FE035BA00FC39AC /* TreesAndHeaps.h */,
				06CAECF31FE035BA00FC39AC /* TreesAndHeaps.m */,
				060646AA200530E0007967BF /* BitManipulationProblems.h */,
				060646AB200530E0007967BF /* BitManipulationProblems.m */,
			);
			path = IBProblems;
			sourceTree = "<group>";
		};
		06B1886E1FC10043002DAA0A /* Supporting Files */ = {
			isa = PBXGroup;
			children = (
				06B1886F1FC10043002DAA0A /* main.m */,
			);
			name = "Supporting Files";
			sourceTree = "<group>";
		};
/* End PBXGroup section */

/* Begin PBXNativeTarget section */
		06B1886A1FC10043002DAA0A /* IBProblems */ = {
			isa = PBXNativeTarget;
			buildConfigurationList = 06B188821FC10043002DAA0A /* Build configuration list for PBXNativeTarget "IBProblems" */;
			buildPhases = (
				06B188671FC10043002DAA0A /* Sources */,
				06B188681FC10043002DAA0A /* Frameworks */,
				06B188691FC10043002DAA0A /* Resources */,
			);
			buildRules = (
			);
			dependencies = (
			);
			name = IBProblems;
			productName = IBProblems;
			productReference = 06B1886B1FC10043002DAA0A /* IBProblems.app */;
			productType = "com.apple.product-type.application";
		};
/* End PBXNativeTarget section */

/* Begin PBXProject section */
		06B188631FC10043002DAA0A /* Project object */ = {
			isa = PBXProject;
			attributes = {
				LastUpgradeCheck = 0800;
				ORGANIZATIONNAME = "Kavita Gaitonde";
				TargetAttributes = {
					06B1886A1FC10043002DAA0A = {
						CreatedOnToolsVersion = 8.0;
						ProvisioningStyle = Automatic;
					};
				};
			};
			buildConfigurationList = 06B188661FC10043002DAA0A /* Build configuration list for PBXProject "IBProblems" */;
			compatibilityVersion = "Xcode 3.2";
			developmentRegion = English;
			hasScannedForEncodings = 0;
			knownRegions = (
				en,
				Base,
			);
			mainGroup = 06B188621FC10043002DAA0A;
			productRefGroup = 06B1886C1FC10043002DAA0A /* Products */;
			projectDirPath = "";
			projectRoot = "";
			targets = (
				06B1886A1FC10043002DAA0A /* IBProblems */,
			);
		};
/* End PBXProject section */

/* Begin PBXResourcesBuildPhase section */
		06B188691FC10043002DAA0A /* Resources */ = {
			isa = PBXResourcesBuildPhase;
			buildActionMask = 2147483647;
			files = (
				06B1887E1FC10043002DAA0A /* LaunchScreen.storyboard in Resources */,
				06B1887B1FC10043002DAA0A /* Assets.xcassets in Resources */,
				06B188791FC10043002DAA0A /* Main.storyboard in Resources */,
			);
			runOnlyForDeploymentPostprocessing = 0;
		};
/* End PBXResourcesBuildPhase section */

/* Begin PBXSourcesBuildPhase section */
		06B188671FC10043002DAA0A /* Sources */ = {
			isa = PBXSourcesBuildPhase;
			buildActionMask = 2147483647;
			files = (
				06B188761FC10043002DAA0A /* ViewController.m in Sources */,
				06CAECF41FE035BA00FC39AC /* TreesAndHeaps.m in Sources */,
				06B188731FC10043002DAA0A /* AppDelegate.m in Sources */,
				06B1889B1FD52E72002DAA0A /* HashingProblems.m in Sources */,
				06B188951FCD3D38002DAA0A /* ArraysProblems.m in Sources */,
				06B1888C1FC10148002DAA0A /* IBProblems.m in Sources */,
				060646AC200530E0007967BF /* BitManipulationProblems.m in Sources */,
				06B1889E1FD5AFAE002DAA0A /* LinkedListsProblems.m in Sources */,
				06B1888F1FC11333002DAA0A /* ListNode.m in Sources */,
				060646A91FFF5637007967BF /* RecursionProblems.m in Sources */,
				06B188921FCD3B5A002DAA0A /* StringsProblems.m in Sources */,
				06CAECF11FDEF53500FC39AC /* BinarySearchProblems.m in Sources */,
				06B188701FC10043002DAA0A /* main.m in Sources */,
			);
			runOnlyForDeploymentPostprocessing = 0;
		};
/* End PBXSourcesBuildPhase section */

/* Begin PBXVariantGroup section */
		06B188771FC10043002DAA0A /* Main.storyboard */ = {
			isa = PBXVariantGroup;
			children = (
				06B188781FC10043002DAA0A /* Base */,
			);
			name = Main.storyboard;
			sourceTree = "<group>";
		};
		06B1887C1FC10043002DAA0A /* LaunchScreen.storyboard */ = {
			isa = PBXVariantGroup;
			children = (
				06B1887D1FC10043002DAA0A /* Base */,
			);
			name = LaunchScreen.storyboard;
			sourceTree = "<group>";
		};
/* End PBXVariantGroup section */

/* Begin XCBuildConfiguration section */
		06B188801FC10043002DAA0A /* Debug */ = {
			isa = XCBuildConfiguration;
			buildSettings = {
				ALWAYS_SEARCH_USER_PATHS = NO;
				CLANG_ANALYZER_NONNULL = YES;
				CLANG_CXX_LANGUAGE_STANDARD = "gnu++0x";
				CLANG_CXX_LIBRARY = "libc++";
				CLANG_ENABLE_MODULES = YES;
				CLANG_ENABLE_OBJC_ARC = YES;
				CLANG_WARN_BOOL_CONVERSION = YES;
				CLANG_WARN_CONSTANT_CONVERSION = YES;
				CLANG_WARN_DIRECT_OBJC_ISA_USAGE = YES_ERROR;
				CLANG_WARN_DOCUMENTATION_COMMENTS = YES;
				CLANG_WARN_EMPTY_BODY = YES;
				CLANG_WARN_ENUM_CONVERSION = YES;
				CLANG_WARN_INFINITE_RECURSION = YES;
				CLANG_WARN_INT_CONVERSION = YES;
				CLANG_WARN_OBJC_ROOT_CLASS = YES_ERROR;
				CLANG_WARN_SUSPICIOUS_MOVES = YES;
				CLANG_WARN_UNREACHABLE_CODE = YES;
				CLANG_WARN__DUPLICATE_METHOD_MATCH = YES;
				"CODE_SIGN_IDENTITY[sdk=iphoneos*]" = "iPhone Developer";
				COPY_PHASE_STRIP = NO;
				DEBUG_INFORMATION_FORMAT = dwarf;
				ENABLE_STRICT_OBJC_MSGSEND = YES;
				ENABLE_TESTABILITY = YES;
				GCC_C_LANGUAGE_STANDARD = gnu99;
				GCC_DYNAMIC_NO_PIC = NO;
				GCC_NO_COMMON_BLOCKS = YES;
				GCC_OPTIMIZATION_LEVEL = 0;
				GCC_PREPROCESSOR_DEFINITIONS = (
					"DEBUG=1",
					"$(inherited)",
				);
				GCC_WARN_64_TO_32_BIT_CONVERSION = YES;
				GCC_WARN_ABOUT_RETURN_TYPE = YES_ERROR;
				GCC_WARN_UNDECLARED_SELECTOR = YES;
				GCC_WARN_UNINITIALIZED_AUTOS = YES_AGGRESSIVE;
				GCC_WARN_UNUSED_FUNCTION = YES;
				GCC_WARN_UNUSED_VARIABLE = YES;
				IPHONEOS_DEPLOYMENT_TARGET = 10.0;
				MTL_ENABLE_DEBUG_INFO = YES;
				ONLY_ACTIVE_ARCH = YES;
				SDKROOT = iphoneos;
			};
			name = Debug;
		};
		06B188811FC10043002DAA0A /* Release */ = {
			isa = XCBuildConfiguration;
			buildSettings = {
				ALWAYS_SEARCH_USER_PATHS = NO;
				CLANG_ANALYZER_NONNULL = YES;
				CLANG_CXX_LANGUAGE_STANDARD = "gnu++0x";
				CLANG_CXX_LIBRARY = "libc++";
				CLANG_ENABLE_MODULES = YES;
				CLANG_ENABLE_OBJC_ARC = YES;
				CLANG_WARN_BOOL_CONVERSION = YES;
				CLANG_WARN_CONSTANT_CONVERSION = YES;
				CLANG_WARN_DIRECT_OBJC_ISA_USAGE = YES_ERROR;
				CLANG_WARN_DOCUMENTATION_COMMENTS = YES;
				CLANG_WARN_EMPTY_BODY = YES;
				CLANG_WARN_ENUM_CONVERSION = YES;
				CLANG_WARN_INFINITE_RECURSION = YES;
				CLANG_WARN_INT_CONVERSION = YES;
				CLANG_WARN_OBJC_ROOT_CLASS = YES_ERROR;
				CLANG_WARN_SUSPICIOUS_MOVES = YES;
				CLANG_WARN_UNREACHABLE_CODE = YES;
				CLANG_WARN__DUPLICATE_METHOD_MATCH = YES;
				"CODE_SIGN_IDENTITY[sdk=iphoneos*]" = "iPhone Developer";
				COPY_PHASE_STRIP = NO;
				DEBUG_INFORMATION_FORMAT = "dwarf-with-dsym";
				ENABLE_NS_ASSERTIONS = NO;
				ENABLE_STRICT_OBJC_MSGSEND = YES;
				GCC_C_LANGUAGE_STANDARD = gnu99;
				GCC_NO_COMMON_BLOCKS = YES;
				GCC_WARN_64_TO_32_BIT_CONVERSION = YES;
				GCC_WARN_ABOUT_RETURN_TYPE = YES_ERROR;
				GCC_WARN_UNDECLARED_SELECTOR = YES;
				GCC_WARN_UNINITIALIZED_AUTOS = YES_AGGRESSIVE;
				GCC_WARN_UNUSED_FUNCTION = YES;
				GCC_WARN_UNUSED_VARIABLE = YES;
				IPHONEOS_DEPLOYMENT_TARGET = 10.0;
				MTL_ENABLE_DEBUG_INFO = NO;
				SDKROOT = iphoneos;
				VALIDATE_PRODUCT = YES;
			};
			name = Release;
		};
		06B188831FC10043002DAA0A /* Debug */ = {
			isa = XCBuildConfiguration;
			buildSettings = {
				ASSETCATALOG_COMPILER_APPICON_NAME = AppIcon;
				INFOPLIST_FILE = IBProblems/Info.plist;
				LD_RUNPATH_SEARCH_PATHS = "$(inherited) @executable_path/Frameworks";
				PRODUCT_BUNDLE_IDENTIFIER = com.kavitagaitonde.IBProblems;
				PRODUCT_NAME = "$(TARGET_NAME)";
			};
			name = Debug;
		};
		06B188841FC10043002DAA0A /* Release */ = {
			isa = XCBuildConfiguration;
			buildSettings = {
				ASSETCATALOG_COMPILER_APPICON_NAME = AppIcon;
				INFOPLIST_FILE = IBProblems/Info.plist;
				LD_RUNPATH_SEARCH_PATHS = "$(inherited) @executable_path/Frameworks";
				PRODUCT_BUNDLE_IDENTIFIER = com.kavitagaitonde.IBProblems;
				PRODUCT_NAME = "$(TARGET_NAME)";
			};
			name = Release;
		};
/* End XCBuildConfiguration section */

/* Begin XCConfigurationList section */
		06B188661FC10043002DAA0A /* Build configuration list for PBXProject "IBProblems" */ = {
			isa = XCConfigurationList;
			buildConfigurations = (
				06B188801FC10043002DAA0A /* Debug */,
				06B188811FC10043002DAA0A /* Release */,
			);
			defaultConfigurationIsVisible = 0;
			defaultConfigurationName = Release;
		};
		06B188821FC10043002DAA0A /* Build configuration list for PBXNativeTarget "IBProblems" */ = {
			isa = XCConfigurationList;
			buildConfigurations = (
				06B188831FC10043002DAA0A /* Debug */,
				06B188841FC10043002DAA0A /* Release */,
			);
			defaultConfigurationIsVisible = 0;
			defaultConfigurationName = Release;
		};
/* End XCConfigurationList section */
	};
	rootObject = 06B188631FC10043002DAA0A /* Project object */;
}
